{
  "requires": true,
  "lockfileVersion": 1,
  "dependencies": {
    "audible-api": {
      "version": "0.4.3",
      "resolved": "https://registry.npmjs.org/audible-api/-/audible-api-0.4.3.tgz",
      "integrity": "sha512-HHfI4NjcY0Qg45L4GQKqk93qccvPgZu8xqsXhVqFkycop1W8lzg7Cki6THshnY2pM9XQ/UQ51P7jwHIutlY15A==",
      "requires": {
        "felix": "0.1.0"
      }
    },
    "felix": {
      "version": "0.1.0",
      "resolved": "https://registry.npmjs.org/felix/-/felix-0.1.0.tgz",
      "integrity": "sha1-P85+XmeB82Yy1g3SZTNDa4YtMa4="
    }
  }
}
